PODS:
  - Flutter (1.0.0)
  - GTCommonSDK (3.0.9.0):
    - ZXSDK
  - gyflut (0.0.1):
    - Flutter
    - GYSDK
  - GYSDK (3.0.5.0):
    - GTCommonSDK (>= 3.0.0.0)
  - ZXSDK (3.2.4)

DEPENDENCIES:
  - Flutter (from `Flutter`)
  - gyflut (from `.symlinks/plugins/gyflut/ios`)

SPEC REPOS:
  trunk:
    - GTCommonSDK
    - GYSDK
    - ZXSDK

EXTERNAL SOURCES:
  Flutter:
    :path: Flutter
  gyflut:
    :path: ".symlinks/plugins/gyflut/ios"

SPEC CHECKSUMS:
  Flutter: e0871f40cf51350855a761d2e70bf5af5b9b5de7
  GTCommonSDK: 44e0656b734aa80e7576c1a687bf351633f5d324
  gyflut: f7aa3dfe2a181c9748b8073d337585738787a56c
  GYSDK: ca742e929db8e65c5a20d4beb4288f23003f898e
  ZXSDK: 145a89f90f11e18e4fe62fe43175a60ade342ba8

PODFILE CHECKSUM: 1a782344d33c12ced0182eeab11e8668d253eb48

COCOAPODS: 1.15.2
